
Microsoft Visual Studio Solution File, Format Version 12.00
# Visual Studio Version 16
VisualStudioVersion = 16.0.30717.126
MinimumVisualStudioVersion = 10.0.40219.1
Project("{FAE04EC0-301F-11D3-BF4B-00C04F79EFBC}") = "BlazorShop.Server", "BlazorShop\Server\BlazorShop.Server.csproj", "{E926C867-9605-4D11-BE6A-3C739AC5491D}"
EndProject
Project("{FAE04EC0-301F-11D3-BF4B-00C04F79EFBC}") = "BlazorShop.Client", "BlazorShop\Client\BlazorShop.Client.csproj", "{93E7D2CF-3B47-480F-9401-2FAB882B9852}"
EndProject
Project("{FAE04EC0-301F-11D3-BF4B-00C04F79EFBC}") = "BlazorShop.Shared", "BlazorShop\Shared\BlazorShop.Shared.csproj", "{F9C4FC26-4564-496B-8ECD-846E3F5E058E}"
EndProject
Global
	GlobalSection(SolutionConfigurationPlatforms) = preSolution
		Debug|Any CPU = Debug|Any CPU
		Release|Any CPU = Release|Any CPU
	EndGlobalSection
	GlobalSection(ProjectConfigurationPlatforms) = postSolution
		{E926C867-9605-4D11-BE6A-3C739AC5491D}.Debug|Any CPU.ActiveCfg = Debug|Any CPU
		{E926C867-9605-4D11-BE6A-3C739AC5491D}.Debug|Any CPU.Build.0 = Debug|Any CPU
		{E926C867-9605-4D11-BE6A-3C739AC5491D}.Release|Any CPU.ActiveCfg = Release|Any CPU
		{E926C867-9605-4D11-BE6A-3C739AC5491D}.Release|Any CPU.Build.0 = Release|Any CPU
		{93E7D2CF-3B47-480F-9401-2FAB882B9852}.Debug|Any CPU.ActiveCfg = Debug|Any CPU
		{93E7D2CF-3B47-480F-9401-2FAB882B9852}.Debug|Any CPU.Build.0 = Debug|Any CPU
		{93E7D2CF-3B47-480F-9401-2FAB882B9852}.Release|Any CPU.ActiveCfg = Release|Any CPU
		{93E7D2CF-3B47-480F-9401-2FAB882B9852}.Release|Any CPU.Build.0 = Release|Any CPU
		{F9C4FC26-4564-496B-8ECD-846E3F5E058E}.Debug|Any CPU.ActiveCfg = Debug|Any CPU
		{F9C4FC26-4564-496B-8ECD-846E3F5E058E}.Debug|Any CPU.Build.0 = Debug|Any CPU
		{F9C4FC26-4564-496B-8ECD-846E3F5E058E}.Release|Any CPU.ActiveCfg = Release|Any CPU
		{F9C4FC26-4564-496B-8ECD-846E3F5E058E}.Release|Any CPU.Build.0 = Release|Any CPU
	EndGlobalSection
	GlobalSection(SolutionProperties) = preSolution
		HideSolutionNode = FALSE
	EndGlobalSection
	GlobalSection(ExtensibilityGlobals) = postSolution
		SolutionGuid = {B57B13C6-9919-437C-BE94-F3EE1544E0EA}
	EndGlobalSection
EndGlobal
